
Microsoft Visual Studio Solution File, Format Version 12.00
# Visual Studio Version 16
VisualStudioVersion = 16.0.29411.108
MinimumVisualStudioVersion = 10.0.40219.1
Project("{FAE04EC0-301F-11D3-BF4B-00C04F79EFBC}") = "BMP Console", "BMP Console.csproj", "{3636EE5E-4058-4CF5-8C8A-CDCC77E1193E}"
EndProject
Global
	GlobalSection(SolutionConfigurationPlatforms) = preSolution
		Debug|Any CPU = Debug|Any CPU
		Release|Any CPU = Release|Any CPU
	EndGlobalSection
	GlobalSection(ProjectConfigurationPlatforms) = postSolution
		{3636EE5E-4058-4CF5-8C8A-CDCC77E1193E}.Debug|Any CPU.ActiveCfg = Debug|Any CPU
		{3636EE5E-4058-4CF5-8C8A-CDCC77E1193E}.Debug|Any CPU.Build.0 = Debug|Any CPU
		{3636EE5E-4058-4CF5-8C8A-CDCC77E1193E}.Release|Any CPU.ActiveCfg = Release|Any CPU
		{3636EE5E-4058-4CF5-8C8A-CDCC77E1193E}.Release|Any CPU.Build.0 = Release|Any CPU
	EndGlobalSection
	GlobalSection(SolutionProperties) = preSolution
		HideSolutionNode = FALSE
	EndGlobalSection
	GlobalSection(ExtensibilityGlobals) = postSolution
		SolutionGuid = {DCD51485-B071-4BFA-BB12-4558452917CA}
	EndGlobalSection
EndGlobal
